
Microsoft Visual Studio Solution File, Format Version 12.00
# Visual Studio Version 16
VisualStudioVersion = 16.0.33927.289
MinimumVisualStudioVersion = 10.0.40219.1
Project("{F184B08F-C81C-45F6-A57F-5ABD9991F28F}") = "Snap_Order", "Snap_Order\Snap_Order.vbproj", "{01502C35-3A89-44D0-924A-5741814C98E5}"
EndProject
Global
	GlobalSection(SolutionConfigurationPlatforms) = preSolution
		Debug|Any CPU = Debug|Any CPU
		Release|Any CPU = Release|Any CPU
	EndGlobalSection
	GlobalSection(ProjectConfigurationPlatforms) = postSolution
		{01502C35-3A89-44D0-924A-5741814C98E5}.Debug|Any CPU.ActiveCfg = Debug|Any CPU
		{01502C35-3A89-44D0-924A-5741814C98E5}.Debug|Any CPU.Build.0 = Debug|Any CPU
		{01502C35-3A89-44D0-924A-5741814C98E5}.Release|Any CPU.ActiveCfg = Release|Any CPU
		{01502C35-3A89-44D0-924A-5741814C98E5}.Release|Any CPU.Build.0 = Release|Any CPU
	EndGlobalSection
	GlobalSection(SolutionProperties) = preSolution
		HideSolutionNode = FALSE
	EndGlobalSection
	GlobalSection(ExtensibilityGlobals) = postSolution
		SolutionGuid = {47353979-DDE7-4E4A-BFFE-D67CB71F5B1D}
	EndGlobalSection
EndGlobal
